
Microsoft Visual Studio Solution File, Format Version 12.00
# Visual Studio 15
Project("{FAE04EC0-301F-11D3-BF4B-00C04F79EFBC}") = "Assembly-CSharp", "Assembly-CSharp.csproj", "{8EF64A2D-D8EF-0B0A-F126-09A5C55014B2}"
EndProject
Project("{FAE04EC0-301F-11D3-BF4B-00C04F79EFBC}") = "Sirenix.OdinInspector.CompatibilityLayer", "Sirenix.OdinInspector.CompatibilityLayer.csproj", "{8964557E-D7D6-49C8-A073-35134A32F838}"
EndProject
Project("{FAE04EC0-301F-11D3-BF4B-00C04F79EFBC}") = "Assembly-CSharp-firstpass", "Assembly-CSharp-firstpass.csproj", "{85B469A5-A625-B887-84E9-A0F6B96EE3D9}"
EndProject
Project("{FAE04EC0-301F-11D3-BF4B-00C04F79EFBC}") = "Sirenix.OdinInspector.CompatibilityLayer.Editor", "Sirenix.OdinInspector.CompatibilityLayer.Editor.csproj", "{04DED449-9627-CBB3-ED41-70BD17B019FD}"
EndProject
Global
	GlobalSection(SolutionConfigurationPlatforms) = preSolution
		Debug|Any CPU = Debug|Any CPU
		Release|Any CPU = Release|Any CPU
	EndGlobalSection
	GlobalSection(ProjectConfigurationPlatforms) = postSolution
		{8EF64A2D-D8EF-0B0A-F126-09A5C55014B2}.Debug|Any CPU.ActiveCfg = Debug|Any CPU
		{8EF64A2D-D8EF-0B0A-F126-09A5C55014B2}.Debug|Any CPU.Build.0 = Debug|Any CPU
		{8EF64A2D-D8EF-0B0A-F126-09A5C55014B2}.Release|Any CPU.ActiveCfg = Release|Any CPU
		{8EF64A2D-D8EF-0B0A-F126-09A5C55014B2}.Release|Any CPU.Build.0 = Release|Any CPU
		{8964557E-D7D6-49C8-A073-35134A32F838}.Debug|Any CPU.ActiveCfg = Debug|Any CPU
		{8964557E-D7D6-49C8-A073-35134A32F838}.Debug|Any CPU.Build.0 = Debug|Any CPU
		{8964557E-D7D6-49C8-A073-35134A32F838}.Release|Any CPU.ActiveCfg = Release|Any CPU
		{8964557E-D7D6-49C8-A073-35134A32F838}.Release|Any CPU.Build.0 = Release|Any CPU
		{85B469A5-A625-B887-84E9-A0F6B96EE3D9}.Debug|Any CPU.ActiveCfg = Debug|Any CPU
		{85B469A5-A625-B887-84E9-A0F6B96EE3D9}.Debug|Any CPU.Build.0 = Debug|Any CPU
		{85B469A5-A625-B887-84E9-A0F6B96EE3D9}.Release|Any CPU.ActiveCfg = Release|Any CPU
		{85B469A5-A625-B887-84E9-A0F6B96EE3D9}.Release|Any CPU.Build.0 = Release|Any CPU
		{04DED449-9627-CBB3-ED41-70BD17B019FD}.Debug|Any CPU.ActiveCfg = Debug|Any CPU
		{04DED449-9627-CBB3-ED41-70BD17B019FD}.Debug|Any CPU.Build.0 = Debug|Any CPU
		{04DED449-9627-CBB3-ED41-70BD17B019FD}.Release|Any CPU.ActiveCfg = Release|Any CPU
		{04DED449-9627-CBB3-ED41-70BD17B019FD}.Release|Any CPU.Build.0 = Release|Any CPU
	EndGlobalSection
	GlobalSection(SolutionProperties) = preSolution
		HideSolutionNode = FALSE
	EndGlobalSection
EndGlobal
